
Microsoft Visual Studio Solution File, Format Version 12.00
# Visual Studio Version 16
VisualStudioVersion = 16.0.28606.126
MinimumVisualStudioVersion = 10.0.40219.1
Project("{2150E333-8FDC-42A3-9474-1A3956D46DE8}") = "Doc", "Doc", "{FE625793-C186-484F-8280-052029CA35F5}"
EndProject
Project("{2150E333-8FDC-42A3-9474-1A3956D46DE8}") = "Core", "Core", "{778879B1-45AC-4A73-911F-C80760A37546}"
EndProject
Project("{2150E333-8FDC-42A3-9474-1A3956D46DE8}") = "Presentation", "Presentation", "{71FFEDF6-C0D5-4873-8AFB-DE8FFC06FE9A}"
EndProject
Project("{9A19103F-16F7-4668-BE54-9A1E7A4F7556}") = "eGoatDDD.Domain", "eGoatDDD.Domain\eGoatDDD.Domain.csproj", "{F1C0EBF7-78DA-4574-AD3F-53C8F7124FAD}"
EndProject
Project("{2150E333-8FDC-42A3-9474-1A3956D46DE8}") = "Src", "Src", "{92DE0EB5-AB72-4402-8F70-B3606387BB6F}"
EndProject
Project("{2150E333-8FDC-42A3-9474-1A3956D46DE8}") = "Infrastructure", "Infrastructure", "{E5066742-6C26-4C26-AA62-823DAFB6ECDD}"
EndProject
Project("{9A19103F-16F7-4668-BE54-9A1E7A4F7556}") = "eGoatDDD.Persistence", "eGoatDDD.Persistence\eGoatDDD.Persistence.csproj", "{150DDC84-B994-4652-8B39-3B67E3D4D198}"
	ProjectSection(ProjectDependencies) = postProject
		{F1C0EBF7-78DA-4574-AD3F-53C8F7124FAD} = {F1C0EBF7-78DA-4574-AD3F-53C8F7124FAD}
	EndProjectSection
EndProject
Project("{9A19103F-16F7-4668-BE54-9A1E7A4F7556}") = "eGoatDDD.Application", "eGoatDDD.Application\eGoatDDD.Application.csproj", "{4882002D-3178-4548-8959-6A47F823388B}"
	ProjectSection(ProjectDependencies) = postProject
		{F1C0EBF7-78DA-4574-AD3F-53C8F7124FAD} = {F1C0EBF7-78DA-4574-AD3F-53C8F7124FAD}
	EndProjectSection
EndProject
Project("{2150E333-8FDC-42A3-9474-1A3956D46DE8}") = "Test", "Test", "{9B76A2DD-EF2F-4924-822E-8E1526D106FE}"
EndProject
Project("{9A19103F-16F7-4668-BE54-9A1E7A4F7556}") = "eGoatDDD.Application.Tests", "eGoatDDD.Application.Tests\eGoatDDD.Application.Tests.csproj", "{C96D85A1-BFD7-40B9-8E29-54CADAEE78C7}"
EndProject
Project("{2150E333-8FDC-42A3-9474-1A3956D46DE8}") = "Tool", "Tool", "{9B81E418-F95E-48C6-9BC3-250C852C82A9}"
EndProject
Project("{9A19103F-16F7-4668-BE54-9A1E7A4F7556}") = "ImageWriter", "ImageWriter\ImageWriter.csproj", "{5EFAF1EA-B367-489C-940E-3DDDD5ED74A7}"
EndProject
Project("{FAE04EC0-301F-11D3-BF4B-00C04F79EFBC}") = "eGoatDDD.Web", "eGoatDDD.Web\eGoatDDD.Web.csproj", "{61E24AC6-4291-451B-B6A1-4AD23D2A046B}"
EndProject
Global
	GlobalSection(SolutionConfigurationPlatforms) = preSolution
		Debug|Any CPU = Debug|Any CPU
		Release|Any CPU = Release|Any CPU
	EndGlobalSection
	GlobalSection(ProjectConfigurationPlatforms) = postSolution
		{F1C0EBF7-78DA-4574-AD3F-53C8F7124FAD}.Debug|Any CPU.ActiveCfg = Debug|Any CPU
		{F1C0EBF7-78DA-4574-AD3F-53C8F7124FAD}.Debug|Any CPU.Build.0 = Debug|Any CPU
		{F1C0EBF7-78DA-4574-AD3F-53C8F7124FAD}.Release|Any CPU.ActiveCfg = Release|Any CPU
		{F1C0EBF7-78DA-4574-AD3F-53C8F7124FAD}.Release|Any CPU.Build.0 = Release|Any CPU
		{150DDC84-B994-4652-8B39-3B67E3D4D198}.Debug|Any CPU.ActiveCfg = Debug|Any CPU
		{150DDC84-B994-4652-8B39-3B67E3D4D198}.Debug|Any CPU.Build.0 = Debug|Any CPU
		{150DDC84-B994-4652-8B39-3B67E3D4D198}.Release|Any CPU.ActiveCfg = Release|Any CPU
		{150DDC84-B994-4652-8B39-3B67E3D4D198}.Release|Any CPU.Build.0 = Release|Any CPU
		{4882002D-3178-4548-8959-6A47F823388B}.Debug|Any CPU.ActiveCfg = Debug|Any CPU
		{4882002D-3178-4548-8959-6A47F823388B}.Debug|Any CPU.Build.0 = Debug|Any CPU
		{4882002D-3178-4548-8959-6A47F823388B}.Release|Any CPU.ActiveCfg = Release|Any CPU
		{4882002D-3178-4548-8959-6A47F823388B}.Release|Any CPU.Build.0 = Release|Any CPU
		{C96D85A1-BFD7-40B9-8E29-54CADAEE78C7}.Debug|Any CPU.ActiveCfg = Debug|Any CPU
		{C96D85A1-BFD7-40B9-8E29-54CADAEE78C7}.Debug|Any CPU.Build.0 = Debug|Any CPU
		{C96D85A1-BFD7-40B9-8E29-54CADAEE78C7}.Release|Any CPU.ActiveCfg = Release|Any CPU
		{C96D85A1-BFD7-40B9-8E29-54CADAEE78C7}.Release|Any CPU.Build.0 = Release|Any CPU
		{5EFAF1EA-B367-489C-940E-3DDDD5ED74A7}.Debug|Any CPU.ActiveCfg = Debug|Any CPU
		{5EFAF1EA-B367-489C-940E-3DDDD5ED74A7}.Debug|Any CPU.Build.0 = Debug|Any CPU
		{5EFAF1EA-B367-489C-940E-3DDDD5ED74A7}.Release|Any CPU.ActiveCfg = Release|Any CPU
		{5EFAF1EA-B367-489C-940E-3DDDD5ED74A7}.Release|Any CPU.Build.0 = Release|Any CPU
		{61E24AC6-4291-451B-B6A1-4AD23D2A046B}.Debug|Any CPU.ActiveCfg = Debug|Any CPU
		{61E24AC6-4291-451B-B6A1-4AD23D2A046B}.Debug|Any CPU.Build.0 = Debug|Any CPU
		{61E24AC6-4291-451B-B6A1-4AD23D2A046B}.Release|Any CPU.ActiveCfg = Release|Any CPU
		{61E24AC6-4291-451B-B6A1-4AD23D2A046B}.Release|Any CPU.Build.0 = Release|Any CPU
	EndGlobalSection
	GlobalSection(SolutionProperties) = preSolution
		HideSolutionNode = FALSE
	EndGlobalSection
	GlobalSection(NestedProjects) = preSolution
		{778879B1-45AC-4A73-911F-C80760A37546} = {92DE0EB5-AB72-4402-8F70-B3606387BB6F}
		{71FFEDF6-C0D5-4873-8AFB-DE8FFC06FE9A} = {92DE0EB5-AB72-4402-8F70-B3606387BB6F}
		{F1C0EBF7-78DA-4574-AD3F-53C8F7124FAD} = {778879B1-45AC-4A73-911F-C80760A37546}
		{E5066742-6C26-4C26-AA62-823DAFB6ECDD} = {92DE0EB5-AB72-4402-8F70-B3606387BB6F}
		{150DDC84-B994-4652-8B39-3B67E3D4D198} = {E5066742-6C26-4C26-AA62-823DAFB6ECDD}
		{4882002D-3178-4548-8959-6A47F823388B} = {778879B1-45AC-4A73-911F-C80760A37546}
		{C96D85A1-BFD7-40B9-8E29-54CADAEE78C7} = {9B76A2DD-EF2F-4924-822E-8E1526D106FE}
		{9B81E418-F95E-48C6-9BC3-250C852C82A9} = {92DE0EB5-AB72-4402-8F70-B3606387BB6F}
		{5EFAF1EA-B367-489C-940E-3DDDD5ED74A7} = {9B81E418-F95E-48C6-9BC3-250C852C82A9}
		{61E24AC6-4291-451B-B6A1-4AD23D2A046B} = {71FFEDF6-C0D5-4873-8AFB-DE8FFC06FE9A}
	EndGlobalSection
	GlobalSection(ExtensibilityGlobals) = postSolution
		SolutionGuid = {F9820F16-FC8A-4465-B78F-9CE3E21097D9}
	EndGlobalSection
EndGlobal
